
Microsoft Visual Studio Solution File, Format Version 11.00
# Visual Studio 2010
Project("{F184B08F-C81C-45F6-A57F-5ABD9991F28F}") = "RGIT management system", "RGIT management system\RGIT management system.vbproj", "{25089BE7-D2D3-4F56-B88F-17A69B6483E5}"
EndProject
Global
	GlobalSection(SolutionConfigurationPlatforms) = preSolution
		Debug|x86 = Debug|x86
		Release|x86 = Release|x86
	EndGlobalSection
	GlobalSection(ProjectConfigurationPlatforms) = postSolution
		{25089BE7-D2D3-4F56-B88F-17A69B6483E5}.Debug|x86.ActiveCfg = Debug|x86
		{25089BE7-D2D3-4F56-B88F-17A69B6483E5}.Debug|x86.Build.0 = Debug|x86
		{25089BE7-D2D3-4F56-B88F-17A69B6483E5}.Release|x86.ActiveCfg = Release|x86
		{25089BE7-D2D3-4F56-B88F-17A69B6483E5}.Release|x86.Build.0 = Release|x86
	EndGlobalSection
	GlobalSection(SolutionProperties) = preSolution
		HideSolutionNode = FALSE
	EndGlobalSection
EndGlobal
